
Microsoft Visual Studio Solution File, Format Version 12.00
# Visual Studio Version 16
VisualStudioVersion = 16.0.31624.102
MinimumVisualStudioVersion = 10.0.40219.1
Project("{FAE04EC0-301F-11D3-BF4B-00C04F79EFBC}") = "JsonFileSorter", "JsonFileSorter.csproj", "{31722017-FEE5-41CA-8508-FA493DA8026D}"
EndProject
Global
	GlobalSection(SolutionConfigurationPlatforms) = preSolution
		Debug|Any CPU = Debug|Any CPU
		Release|Any CPU = Release|Any CPU
	EndGlobalSection
	GlobalSection(ProjectConfigurationPlatforms) = postSolution
		{31722017-FEE5-41CA-8508-FA493DA8026D}.Debug|Any CPU.ActiveCfg = Debug|Any CPU
		{31722017-FEE5-41CA-8508-FA493DA8026D}.Debug|Any CPU.Build.0 = Debug|Any CPU
		{31722017-FEE5-41CA-8508-FA493DA8026D}.Release|Any CPU.ActiveCfg = Release|Any CPU
		{31722017-FEE5-41CA-8508-FA493DA8026D}.Release|Any CPU.Build.0 = Release|Any CPU
	EndGlobalSection
	GlobalSection(SolutionProperties) = preSolution
		HideSolutionNode = FALSE
	EndGlobalSection
	GlobalSection(ExtensibilityGlobals) = postSolution
		SolutionGuid = {8CB3C2A0-CC21-4E7A-B51B-0B296F6FA97A}
	EndGlobalSection
EndGlobal
